
Microsoft Visual Studio Solution File, Format Version 12.00
# Visual Studio Version 16
VisualStudioVersion = 16.0.30717.126
MinimumVisualStudioVersion = 10.0.40219.1
Project("{FAE04EC0-301F-11D3-BF4B-00C04F79EFBC}") = "Kalamarket", "Kalamarket\Kalamarket.csproj", "{AF16C8E5-F11C-4069-8BA8-D43A102AF66C}"
EndProject
Project("{FAE04EC0-301F-11D3-BF4B-00C04F79EFBC}") = "Kalamarket.DataLayer", "Kalamarket.DataLayer\Kalamarket.DataLayer.csproj", "{92A83AE2-1B02-4B5F-BFAF-C75AFF15C5D6}"
EndProject
Project("{FAE04EC0-301F-11D3-BF4B-00C04F79EFBC}") = "Kalamarket.Core", "Kalamarket.Core\Kalamarket.Core.csproj", "{B376C177-0A6E-4764-B86D-A3FD71644CF2}"
EndProject
Global
	GlobalSection(SolutionConfigurationPlatforms) = preSolution
		Debug|Any CPU = Debug|Any CPU
		Release|Any CPU = Release|Any CPU
	EndGlobalSection
	GlobalSection(ProjectConfigurationPlatforms) = postSolution
		{AF16C8E5-F11C-4069-8BA8-D43A102AF66C}.Debug|Any CPU.ActiveCfg = Debug|Any CPU
		{AF16C8E5-F11C-4069-8BA8-D43A102AF66C}.Debug|Any CPU.Build.0 = Debug|Any CPU
		{AF16C8E5-F11C-4069-8BA8-D43A102AF66C}.Release|Any CPU.ActiveCfg = Release|Any CPU
		{AF16C8E5-F11C-4069-8BA8-D43A102AF66C}.Release|Any CPU.Build.0 = Release|Any CPU
		{92A83AE2-1B02-4B5F-BFAF-C75AFF15C5D6}.Debug|Any CPU.ActiveCfg = Debug|Any CPU
		{92A83AE2-1B02-4B5F-BFAF-C75AFF15C5D6}.Debug|Any CPU.Build.0 = Debug|Any CPU
		{92A83AE2-1B02-4B5F-BFAF-C75AFF15C5D6}.Release|Any CPU.ActiveCfg = Release|Any CPU
		{92A83AE2-1B02-4B5F-BFAF-C75AFF15C5D6}.Release|Any CPU.Build.0 = Release|Any CPU
		{B376C177-0A6E-4764-B86D-A3FD71644CF2}.Debug|Any CPU.ActiveCfg = Debug|Any CPU
		{B376C177-0A6E-4764-B86D-A3FD71644CF2}.Debug|Any CPU.Build.0 = Debug|Any CPU
		{B376C177-0A6E-4764-B86D-A3FD71644CF2}.Release|Any CPU.ActiveCfg = Release|Any CPU
		{B376C177-0A6E-4764-B86D-A3FD71644CF2}.Release|Any CPU.Build.0 = Release|Any CPU
	EndGlobalSection
	GlobalSection(SolutionProperties) = preSolution
		HideSolutionNode = FALSE
	EndGlobalSection
	GlobalSection(ExtensibilityGlobals) = postSolution
		SolutionGuid = {087F0D75-C7AE-4546-B47A-7C84DC278F4D}
	EndGlobalSection
EndGlobal
